
Microsoft Visual Studio Solution File, Format Version 12.00
# Visual Studio 14
VisualStudioVersion = 14.0.24720.0
MinimumVisualStudioVersion = 10.0.40219.1
Project("{FAE04EC0-301F-11D3-BF4B-00C04F79EFBC}") = "01.BunkerBuster", "BunkerBuster\01.BunkerBuster.csproj", "{28B3B78F-44C7-4E0B-B79B-F379614BFD3A}"
EndProject
Project("{FAE04EC0-301F-11D3-BF4B-00C04F79EFBC}") = "02.ArraySlider", "02.ArraySlider\02.ArraySlider.csproj", "{D25D881B-352A-48DB-8D27-B06E83FE04B6}"
EndProject
Project("{FAE04EC0-301F-11D3-BF4B-00C04F79EFBC}") = "03.RageQuit", "03.RageQuit\03.RageQuit.csproj", "{7F20D0D9-F0C2-4BF7-86C0-9DBA66187C2E}"
EndProject
Project("{FAE04EC0-301F-11D3-BF4B-00C04F79EFBC}") = "04.Population", "04.Population\04.Population.csproj", "{2A4CB199-1F35-432E-B723-8D392DAA2972}"
EndProject
Global
	GlobalSection(SolutionConfigurationPlatforms) = preSolution
		Debug|Any CPU = Debug|Any CPU
		Release|Any CPU = Release|Any CPU
	EndGlobalSection
	GlobalSection(ProjectConfigurationPlatforms) = postSolution
		{28B3B78F-44C7-4E0B-B79B-F379614BFD3A}.Debug|Any CPU.ActiveCfg = Debug|Any CPU
		{28B3B78F-44C7-4E0B-B79B-F379614BFD3A}.Debug|Any CPU.Build.0 = Debug|Any CPU
		{28B3B78F-44C7-4E0B-B79B-F379614BFD3A}.Release|Any CPU.ActiveCfg = Release|Any CPU
		{28B3B78F-44C7-4E0B-B79B-F379614BFD3A}.Release|Any CPU.Build.0 = Release|Any CPU
		{D25D881B-352A-48DB-8D27-B06E83FE04B6}.Debug|Any CPU.ActiveCfg = Debug|Any CPU
		{D25D881B-352A-48DB-8D27-B06E83FE04B6}.Debug|Any CPU.Build.0 = Debug|Any CPU
		{D25D881B-352A-48DB-8D27-B06E83FE04B6}.Release|Any CPU.ActiveCfg = Release|Any CPU
		{D25D881B-352A-48DB-8D27-B06E83FE04B6}.Release|Any CPU.Build.0 = Release|Any CPU
		{7F20D0D9-F0C2-4BF7-86C0-9DBA66187C2E}.Debug|Any CPU.ActiveCfg = Debug|Any CPU
		{7F20D0D9-F0C2-4BF7-86C0-9DBA66187C2E}.Debug|Any CPU.Build.0 = Debug|Any CPU
		{7F20D0D9-F0C2-4BF7-86C0-9DBA66187C2E}.Release|Any CPU.ActiveCfg = Release|Any CPU
		{7F20D0D9-F0C2-4BF7-86C0-9DBA66187C2E}.Release|Any CPU.Build.0 = Release|Any CPU
		{2A4CB199-1F35-432E-B723-8D392DAA2972}.Debug|Any CPU.ActiveCfg = Debug|Any CPU
		{2A4CB199-1F35-432E-B723-8D392DAA2972}.Debug|Any CPU.Build.0 = Debug|Any CPU
		{2A4CB199-1F35-432E-B723-8D392DAA2972}.Release|Any CPU.ActiveCfg = Release|Any CPU
		{2A4CB199-1F35-432E-B723-8D392DAA2972}.Release|Any CPU.Build.0 = Release|Any CPU
	EndGlobalSection
	GlobalSection(SolutionProperties) = preSolution
		HideSolutionNode = FALSE
	EndGlobalSection
EndGlobal
