
Microsoft Visual Studio Solution File, Format Version 12.00
# Visual Studio 14
VisualStudioVersion = 14.0.24720.0
MinimumVisualStudioVersion = 10.0.40219.1
Project("{FAE04EC0-301F-11D3-BF4B-00C04F79EFBC}") = "SortArrayOfNumbersUsingBubbleSort", "SortArrayOfNumbersUsingBubbleSort\SortArrayOfNumbersUsingBubbleSort.csproj", "{188311E2-9A69-40B7-B3A1-DD77C0EA7543}"
EndProject
Project("{FAE04EC0-301F-11D3-BF4B-00C04F79EFBC}") = "JoinLists", "JoinLists\JoinLists.csproj", "{687343D9-10C6-4310-9CA7-3BCDD431743B}"
EndProject
Global
	GlobalSection(SolutionConfigurationPlatforms) = preSolution
		Debug|Any CPU = Debug|Any CPU
		Release|Any CPU = Release|Any CPU
	EndGlobalSection
	GlobalSection(ProjectConfigurationPlatforms) = postSolution
		{188311E2-9A69-40B7-B3A1-DD77C0EA7543}.Debug|Any CPU.ActiveCfg = Debug|Any CPU
		{188311E2-9A69-40B7-B3A1-DD77C0EA7543}.Debug|Any CPU.Build.0 = Debug|Any CPU
		{188311E2-9A69-40B7-B3A1-DD77C0EA7543}.Release|Any CPU.ActiveCfg = Release|Any CPU
		{188311E2-9A69-40B7-B3A1-DD77C0EA7543}.Release|Any CPU.Build.0 = Release|Any CPU
		{687343D9-10C6-4310-9CA7-3BCDD431743B}.Debug|Any CPU.ActiveCfg = Debug|Any CPU
		{687343D9-10C6-4310-9CA7-3BCDD431743B}.Debug|Any CPU.Build.0 = Debug|Any CPU
		{687343D9-10C6-4310-9CA7-3BCDD431743B}.Release|Any CPU.ActiveCfg = Release|Any CPU
		{687343D9-10C6-4310-9CA7-3BCDD431743B}.Release|Any CPU.Build.0 = Release|Any CPU
	EndGlobalSection
	GlobalSection(SolutionProperties) = preSolution
		HideSolutionNode = FALSE
	EndGlobalSection
EndGlobal
