
Microsoft Visual Studio Solution File, Format Version 12.00
# Visual Studio 14
VisualStudioVersion = 14.0.24720.0
MinimumVisualStudioVersion = 10.0.40219.1
Project("{FAE04EC0-301F-11D3-BF4B-00C04F79EFBC}") = "01.ArrayManipulation", "01.ArrayManipulation\01.ArrayManipulation.csproj", "{227F58C1-8B28-4643-BC18-9C6990FF582E}"
EndProject
Project("{FAE04EC0-301F-11D3-BF4B-00C04F79EFBC}") = "02.RadioactiveBunnies", "02.RadioactiveBunnies\02.RadioactiveBunnies.csproj", "{C3403C9A-A133-4B0E-A689-9FB0169230F2}"
EndProject
Project("{FAE04EC0-301F-11D3-BF4B-00C04F79EFBC}") = "03.ShmoogleCounter", "03.ShmoogleCounter\03.ShmoogleCounter.csproj", "{DC179FF4-0F58-480C-AE88-FDEEBE7CBA3E}"
EndProject
Global
	GlobalSection(SolutionConfigurationPlatforms) = preSolution
		Debug|Any CPU = Debug|Any CPU
		Release|Any CPU = Release|Any CPU
	EndGlobalSection
	GlobalSection(ProjectConfigurationPlatforms) = postSolution
		{227F58C1-8B28-4643-BC18-9C6990FF582E}.Debug|Any CPU.ActiveCfg = Debug|Any CPU
		{227F58C1-8B28-4643-BC18-9C6990FF582E}.Debug|Any CPU.Build.0 = Debug|Any CPU
		{227F58C1-8B28-4643-BC18-9C6990FF582E}.Release|Any CPU.ActiveCfg = Release|Any CPU
		{227F58C1-8B28-4643-BC18-9C6990FF582E}.Release|Any CPU.Build.0 = Release|Any CPU
		{C3403C9A-A133-4B0E-A689-9FB0169230F2}.Debug|Any CPU.ActiveCfg = Debug|Any CPU
		{C3403C9A-A133-4B0E-A689-9FB0169230F2}.Debug|Any CPU.Build.0 = Debug|Any CPU
		{C3403C9A-A133-4B0E-A689-9FB0169230F2}.Release|Any CPU.ActiveCfg = Release|Any CPU
		{C3403C9A-A133-4B0E-A689-9FB0169230F2}.Release|Any CPU.Build.0 = Release|Any CPU
		{DC179FF4-0F58-480C-AE88-FDEEBE7CBA3E}.Debug|Any CPU.ActiveCfg = Debug|Any CPU
		{DC179FF4-0F58-480C-AE88-FDEEBE7CBA3E}.Debug|Any CPU.Build.0 = Debug|Any CPU
		{DC179FF4-0F58-480C-AE88-FDEEBE7CBA3E}.Release|Any CPU.ActiveCfg = Release|Any CPU
		{DC179FF4-0F58-480C-AE88-FDEEBE7CBA3E}.Release|Any CPU.Build.0 = Release|Any CPU
	EndGlobalSection
	GlobalSection(SolutionProperties) = preSolution
		HideSolutionNode = FALSE
	EndGlobalSection
EndGlobal
